<Solution>
  <Project Path="Server/BusinessObject/BusinessObject.csproj" />
  <Project Path="Server/DataAccessLayer/DataAccessLayer.csproj" />
  <Project Path="Server/PresentationLayer/PresentationLayer.csproj" />
  <Project Path="Server/Repository/Repository.csproj" />
  <Project Path="Server/Service/Service.csproj" />
</Solution>
